lockfileVersion: '9.0'

settings:
  autoInstallPeers: true
  excludeLinksFromLockfile: false

importers:

  .:
    dependencies:
      pusher-js:
        specifier: ^8.4.0
        version: 8.4.0

packages:

  pusher-js@8.4.0:
    resolution: {integrity: sha512-wp3HqIIUc1GRyu1XrP6m2dgyE9MoCsXVsWNlohj0rjSkLf+a0jLvEyVubdg58oMk7bhjBWnFClgp8jfAa6Ak4Q==}

  tweetnacl@1.0.3:
    resolution: {integrity: sha512-6rt+RN7aOi1nGMyC4Xa5DdYiukl2UWCbcJft7YhxReBGQD7OAM8Pbxw6YMo4r2diNEA8FEmu32YOn9rhaiE5yw==}

snapshots:

  pusher-js@8.4.0:
    dependencies:
      tweetnacl: 1.0.3

  tweetnacl@1.0.3: {}
